
Microsoft Visual Studio Solution File, Format Version 12.00
# Visual Studio 14
VisualStudioVersion = 14.0.25420.1
MinimumVisualStudioVersion = 10.0.40219.1
Project("{151D2E53-A2C4-4D7D-83FE-D05416EBD58E}") = "001 DeployDevelopmentMachine", "001 DeployDevelopmentMachine\001 DeployDevelopmentMachine.deployproj", "{DCFD4DE2-9878-4F63-A8E2-AB795F87F04C}"
EndProject
Global
	GlobalSection(SolutionConfigurationPlatforms) = preSolution
		Debug|Any CPU = Debug|Any CPU
		Release|Any CPU = Release|Any CPU
	EndGlobalSection
	GlobalSection(ProjectConfigurationPlatforms) = postSolution
		{DCFD4DE2-9878-4F63-A8E2-AB795F87F04C}.Debug|Any CPU.ActiveCfg = Debug|Any CPU
		{DCFD4DE2-9878-4F63-A8E2-AB795F87F04C}.Debug|Any CPU.Build.0 = Debug|Any CPU
		{DCFD4DE2-9878-4F63-A8E2-AB795F87F04C}.Release|Any CPU.ActiveCfg = Release|Any CPU
		{DCFD4DE2-9878-4F63-A8E2-AB795F87F04C}.Release|Any CPU.Build.0 = Release|Any CPU
	EndGlobalSection
	GlobalSection(SolutionProperties) = preSolution
		HideSolutionNode = FALSE
	EndGlobalSection
EndGlobal
